// !$*UTF8*$!
{
	archiveVersion = 1;
	classes = {
	};
	objectVersion = 51;
	objects = {

/* Begin PBXBuildFile section */
		264D82DD8364370E61BFA291 /* Pods_Flix.framework in Frameworks */ = {isa = PBXBuildFile; fileRef = 4BF50AF876A9FB330A698B25 /* Pods_Flix.framework */; };
		2F0FF82F24A65931009DEB3C /* MoviesGridViewController.m in Sources */ = {isa = PBXBuildFile; fileRef = 2F0FF82E24A65931009DEB3C /* MoviesGridViewController.m */; };
		2F0FF83224A65B6A009DEB3C /* MovieCollectionCell.m in Sources */ = {isa = PBXBuildFile; fileRef = 2F0FF83124A65B6A009DEB3C /* MovieCollectionCell.m */; };
		2F171D2724A3F77000A07642 /* MovieCell.m in Sources */ = {isa = PBXBuildFile; fileRef = 2F171D2624A3F77000A07642 /* MovieCell.m */; };
		2FD7537724A3BCD600FE89C5 /* AppDelegate.m in Sources */ = {isa = PBXBuildFile; fileRef = 2FD7537624A3BCD600FE89C5 /* AppDelegate.m */; };
		2FD7537A24A3BCD600FE89C5 /* SceneDelegate.m in Sources */ = {isa = PBXBuildFile; fileRef = 2FD7537924A3BCD600FE89C5 /* SceneDelegate.m */; };
		2FD7538024A3BCD600FE89C5 /* Main.storyboard in Resources */ = {isa = PBXBuildFile; fileRef = 2FD7537E24A3BCD600FE89C5 /* Main.storyboard */; };
		2FD7538224A3BCD800FE89C5 /* Assets.xcassets in Resources */ = {isa = PBXBuildFile; fileRef = 2FD7538124A3BCD800FE89C5 /* Assets.xcassets */; };
		2FD7538524A3BCD800FE89C5 /* LaunchScreen.storyboard in Resources */ = {isa = PBXBuildFile; fileRef = 2FD7538324A3BCD800FE89C5 /* LaunchScreen.storyboard */; };
		2FD7538824A3BCD800FE89C5 /* main.m in Sources */ = {isa = PBXBuildFile; fileRef = 2FD7538724A3BCD800FE89C5 /* main.m */; };
		2FD7539224A3BCD800FE89C5 /* FlixTests.m in Sources */ = {isa = PBXBuildFile; fileRef = 2FD7539124A3BCD800FE89C5 /* FlixTests.m */; };
		2FD7539D24A3BCD800FE89C5 /* FlixUITests.m in Sources */ = {isa = PBXBuildFile; fileRef = 2FD7539C24A3BCD800FE89C5 /* FlixUITests.m */; };
		2FD753B624A3CD1100FE89C5 /* MoviesViewController.m in Sources */ = {isa = PBXBuildFile; fileRef = 2FD753B524A3CD1100FE89C5 /* MoviesViewController.m */; };
		2FFF4ABD24A5562C00AB35A2 /* DetailsViewController.m in Sources */ = {isa = PBXBuildFile; fileRef = 2FFF4ABC24A5562C00AB35A2 /* DetailsViewController.m */; };
		B47734280A3EFFCE97B2B35F /* Pods_FlixTests.framework in Frameworks */ = {isa = PBXBuildFile; fileRef = 6AA570EC17F9CF0EBB242DF2 /* Pods_FlixTests.framework */; };
		E9E85E83393A8F7726771F06 /* Pods_Flix_FlixUITests.framework in Frameworks */ = {isa = PBXBuildFile; fileRef = 50E7AD9A4D6A9D99F17143A1 /* Pods_Flix_FlixUITests.framework */; };
/* End PBXBuildFile section */

/* Begin PBXContainerItemProxy section */
		2FD7538E24A3BCD800FE89C5 /* PBXContainerItemProxy */ = {
			isa = PBXContainerItemProxy;
			containerPortal = 2FD7536A24A3BCD600FE89C5 /* Project object */;
			proxyType = 1;
			remoteGlobalIDString = 2FD7537124A3BCD600FE89C5;
			remoteInfo = Flix;
		};
		2FD7539924A3BCD800FE89C5 /* PBXContainerItemProxy */ = {
			isa = PBXContainerItemProxy;
			containerPortal = 2FD7536A24A3BCD600FE89C5 /* Project object */;
			proxyType = 1;
			remoteGlobalIDString = 2FD7537124A3BCD600FE89C5;
			remoteInfo = Flix;
		};
/* End PBXContainerItemProxy section */

/* Begin PBXFileReference section */
		1CBC9035F5443DB3E808028B /* Pods-FlixTests.release.xcconfig */ = {isa = PBXFileReference; includeInIndex = 1; lastKnownFileType = text.xcconfig; name = "Pods-FlixTests.release.xcconfig"; path = "Target Support Files/Pods-FlixTests/Pods-FlixTests.release.xcconfig"; sourceTree = "<group>"; };
		2CFED0353F798C1016264291 /* Pods-Flix.debug.xcconfig */ = {isa = PBXFileReference; includeInIndex = 1; lastKnownFileType = text.xcconfig; name = "Pods-Flix.debug.xcconfig"; path = "Target Support Files/Pods-Flix/Pods-Flix.debug.xcconfig"; sourceTree = "<group>"; };
		2F0FF82D24A65931009DEB3C /* MoviesGridViewController.h */ = {isa = PBXFileReference; lastKnownFileType = sourcecode.c.h; path = MoviesGridViewController.h; sourceTree = "<group>"; };
		2F0FF82E24A65931009DEB3C /* MoviesGridViewController.m */ = {isa = PBXFileReference; lastKnownFileType = sourcecode.c.objc; path = MoviesGridViewController.m; sourceTree = "<group>"; };
		2F0FF83024A65B6A009DEB3C /* MovieCollectionCell.h */ = {isa = PBXFileReference; lastKnownFileType = sourcecode.c.h; path = MovieCollectionCell.h; sourceTree = "<group>"; };
		2F0FF83124A65B6A009DEB3C /* MovieCollectionCell.m */ = {isa = PBXFileReference; lastKnownFileType = sourcecode.c.objc; path = MovieCollectionCell.m; sourceTree = "<group>"; };
		2F171D2524A3F77000A07642 /* MovieCell.h */ = {isa = PBXFileReference; lastKnownFileType = sourcecode.c.h; path = MovieCell.h; sourceTree = "<group>"; };
		2F171D2624A3F77000A07642 /* MovieCell.m */ = {isa = PBXFileReference; lastKnownFileType = sourcecode.c.objc; path = MovieCell.m; sourceTree = "<group>"; };
		2FD7537224A3BCD600FE89C5 /* Flix.app */ = {isa = PBXFileReference; explicitFileType = wrapper.application; includeInIndex = 0; path = Flix.app; sourceTree = BUILT_PRODUCTS_DIR; };
		2FD7537524A3BCD600FE89C5 /* AppDelegate.h */ = {isa = PBXFileReference; lastKnownFileType = sourcecode.c.h; path = AppDelegate.h; sourceTree = "<group>"; };
		2FD7537624A3BCD600FE89C5 /* AppDelegate.m */ = {isa = PBXFileReference; lastKnownFileType = sourcecode.c.objc; path = AppDelegate.m; sourceTree = "<group>"; };
		2FD7537824A3BCD600FE89C5 /* SceneDelegate.h */ = {isa = PBXFileReference; lastKnownFileType = sourcecode.c.h; path = SceneDelegate.h; sourceTree = "<group>"; };
		2FD7537924A3BCD600FE89C5 /* SceneDelegate.m */ = {isa = PBXFileReference; lastKnownFileType = sourcecode.c.objc; path = SceneDelegate.m; sourceTree = "<group>"; };
		2FD7537F24A3BCD600FE89C5 /* Base */ = {isa = PBXFileReference; lastKnownFileType = file.storyboard; name = Base; path = Base.lproj/Main.storyboard; sourceTree = "<group>"; };
		2FD7538124A3BCD800FE89C5 /* Assets.xcassets */ = {isa = PBXFileReference; lastKnownFileType = folder.assetcatalog; path = Assets.xcassets; sourceTree = "<group>"; };
		2FD7538424A3BCD800FE89C5 /* Base */ = {isa = PBXFileReference; lastKnownFileType = file.storyboard; name = Base; path = Base.lproj/LaunchScreen.storyboard; sourceTree = "<group>"; };
		2FD7538624A3BCD800FE89C5 /* Info.plist */ = {isa = PBXFileReference; lastKnownFileType = text.plist.xml; path = Info.plist; sourceTree = "<group>"; };
		2FD7538724A3BCD800FE89C5 /* main.m */ = {isa = PBXFileReference; lastKnownFileType = sourcecode.c.objc; path = main.m; sourceTree = "<group>"; };
		2FD7538D24A3BCD800FE89C5 /* FlixTests.xctest */ = {isa = PBXFileReference; explicitFileType = wrapper.cfbundle; includeInIndex = 0; path = FlixTests.xctest; sourceTree = BUILT_PRODUCTS_DIR; };
		2FD7539124A3BCD800FE89C5 /* FlixTests.m */ = {isa = PBXFileReference; lastKnownFileType = sourcecode.c.objc; path = FlixTests.m; sourceTree = "<group>"; };
		2FD7539324A3BCD800FE89C5 /* Info.plist */ = {isa = PBXFileReference; lastKnownFileType = text.plist.xml; path = Info.plist; sourceTree = "<group>"; };
		2FD7539824A3BCD800FE89C5 /* FlixUITests.xctest */ = {isa = PBXFileReference; explicitFileType = wrapper.cfbundle; includeInIndex = 0; path = FlixUITests.xctest; sourceTree = BUILT_PRODUCTS_DIR; };
		2FD7539C24A3BCD800FE89C5 /* FlixUITests.m */ = {isa = PBXFileReference; lastKnownFileType = sourcecode.c.objc; path = FlixUITests.m; sourceTree = "<group>"; };
		2FD7539E24A3BCD800FE89C5 /* Info.plist */ = {isa = PBXFileReference; lastKnownFileType = text.plist.xml; path = Info.plist; sourceTree = "<group>"; };
		2FD753AC24A3BF0F00FE89C5 /* README.md */ = {isa = PBXFileReference; lastKnownFileType = net.daringfireball.markdown; path = README.md; sourceTree = "<group>"; };
		2FD753AD24A3C01100FE89C5 /* .gitignore */ = {isa = PBXFileReference; lastKnownFileType = text; path = .gitignore; sourceTree = "<group>"; };
		2FD753B424A3CD1100FE89C5 /* MoviesViewController.h */ = {isa = PBXFileReference; lastKnownFileType = sourcecode.c.h; path = MoviesViewController.h; sourceTree = "<group>"; };
		2FD753B524A3CD1100FE89C5 /* MoviesViewController.m */ = {isa = PBXFileReference; lastKnownFileType = sourcecode.c.objc; path = MoviesViewController.m; sourceTree = "<group>"; };
		2FFF4ABB24A5562C00AB35A2 /* DetailsViewController.h */ = {isa = PBXFileReference; lastKnownFileType = sourcecode.c.h; path = DetailsViewController.h; sourceTree = "<group>"; };
		2FFF4ABC24A5562C00AB35A2 /* DetailsViewController.m */ = {isa = PBXFileReference; lastKnownFileType = sourcecode.c.objc; path = DetailsViewController.m; sourceTree = "<group>"; };
		3436FE64964E94709D2B2DFD /* Pods-Flix-FlixUITests.release.xcconfig */ = {isa = PBXFileReference; includeInIndex = 1; lastKnownFileType = text.xcconfig; name = "Pods-Flix-FlixUITests.release.xcconfig"; path = "Target Support Files/Pods-Flix-FlixUITests/Pods-Flix-FlixUITests.release.xcconfig"; sourceTree = "<group>"; };
		3A0990C7B245FA558344A1F8 /* Pods-FlixTests.debug.xcconfig */ = {isa = PBXFileReference; includeInIndex = 1; lastKnownFileType = text.xcconfig; name = "Pods-FlixTests.debug.xcconfig"; path = "Target Support Files/Pods-FlixTests/Pods-FlixTests.debug.xcconfig"; sourceTree = "<group>"; };
		4BF50AF876A9FB330A698B25 /* Pods_Flix.framework */ = {isa = PBXFileReference; explicitFileType = wrapper.framework; includeInIndex = 0; path = Pods_Flix.framework; sourceTree = BUILT_PRODUCTS_DIR; };
		50E7AD9A4D6A9D99F17143A1 /* Pods_Flix_FlixUITests.framework */ = {isa = PBXFileReference; explicitFileType = wrapper.framework; includeInIndex = 0; path = Pods_Flix_FlixUITests.framework; sourceTree = BUILT_PRODUCTS_DIR; };
		6AA570EC17F9CF0EBB242DF2 /* Pods_FlixTests.framework */ = {isa = PBXFileReference; explicitFileType = wrapper.framework; includeInIndex = 0; path = Pods_FlixTests.framework; sourceTree = BUILT_PRODUCTS_DIR; };
		B362CABFCC15A180C39A080C /* Pods-Flix-FlixUITests.debug.xcconfig */ = {isa = PBXFileReference; includeInIndex = 1; lastKnownFileType = text.xcconfig; name = "Pods-Flix-FlixUITests.debug.xcconfig"; path = "Target Support Files/Pods-Flix-FlixUITests/Pods-Flix-FlixUITests.debug.xcconfig"; sourceTree = "<group>"; };
		E7DE91CF4F87AE14A32FB31D /* Pods-Flix.release.xcconfig */ = {isa = PBXFileReference; includeInIndex = 1; lastKnownFileType = text.xcconfig; name = "Pods-Flix.release.xcconfig"; path = "Target Support Files/Pods-Flix/Pods-Flix.release.xcconfig"; sourceTree = "<group>"; };
/* End PBXFileReference section */

/* Begin PBXFrameworksBuildPhase section */
		2FD7536F24A3BCD600FE89C5 /* Frameworks */ = {
			isa = PBXFrameworksBuildPhase;
			buildActionMask = 2147483647;
			files = (
				264D82DD8364370E61BFA291 /* Pods_Flix.framework in Frameworks */,
			);
			runOnlyForDeploymentPostprocessing = 0;
		};
		2FD7538A24A3BCD800FE89C5 /* Frameworks */ = {
			isa = PBXFrameworksBuildPhase;
			buildActionMask = 2147483647;
			files = (
				B47734280A3EFFCE97B2B35F /* Pods_FlixTests.framework in Frameworks */,
			);
			runOnlyForDeploymentPostprocessing = 0;
		};
		2FD7539524A3BCD800FE89C5 /* Frameworks */ = {
			isa = PBXFrameworksBuildPhase;
			buildActionMask = 2147483647;
			files = (
				E9E85E83393A8F7726771F06 /* Pods_Flix_FlixUITests.framework in Frameworks */,
			);
			runOnlyForDeploymentPostprocessing = 0;
		};
/* End PBXFrameworksBuildPhase section */

/* Begin PBXGroup section */
		2FD7536924A3BCD600FE89C5 = {
			isa = PBXGroup;
			children = (
				2FD753AD24A3C01100FE89C5 /* .gitignore */,
				2FD753AC24A3BF0F00FE89C5 /* README.md */,
				2FD7537424A3BCD600FE89C5 /* Flix */,
				2FD7539024A3BCD800FE89C5 /* FlixTests */,
				2FD7539B24A3BCD800FE89C5 /* FlixUITests */,
				2FD7537324A3BCD600FE89C5 /* Products */,
				52F32BBB1514E042BBA349F0 /* Pods */,
				64024E0C0244519451266013 /* Frameworks */,
			);
			sourceTree = "<group>";
		};
		2FD7537324A3BCD600FE89C5 /* Products */ = {
			isa = PBXGroup;
			children = (
				2FD7537224A3BCD600FE89C5 /* Flix.app */,
				2FD7538D24A3BCD800FE89C5 /* FlixTests.xctest */,
				2FD7539824A3BCD800FE89C5 /* FlixUITests.xctest */,
			);
			name = Products;
			sourceTree = "<group>";
		};
		2FD7537424A3BCD600FE89C5 /* Flix */ = {
			isa = PBXGroup;
			children = (
				2FD753B324A3CB6C00FE89C5 /* View Controllers */,
				2FD753B224A3CB6500FE89C5 /* Views */,
				2FD753B124A3CB5F00FE89C5 /* Models */,
				2FD7537524A3BCD600FE89C5 /* AppDelegate.h */,
				2FD7537624A3BCD600FE89C5 /* AppDelegate.m */,
				2FD7537824A3BCD600FE89C5 /* SceneDelegate.h */,
				2FD7537924A3BCD600FE89C5 /* SceneDelegate.m */,
				2FD7537E24A3BCD600FE89C5 /* Main.storyboard */,
				2FD7538124A3BCD800FE89C5 /* Assets.xcassets */,
				2FD7538324A3BCD800FE89C5 /* LaunchScreen.storyboard */,
				2FD7538624A3BCD800FE89C5 /* Info.plist */,
				2FD7538724A3BCD800FE89C5 /* main.m */,
			);
			path = Flix;
			sourceTree = "<group>";
		};
		2FD7539024A3BCD800FE89C5 /* FlixTests */ = {
			isa = PBXGroup;
			children = (
				2FD7539124A3BCD800FE89C5 /* FlixTests.m */,
				2FD7539324A3BCD800FE89C5 /* Info.plist */,
			);
			path = FlixTests;
			sourceTree = "<group>";
		};
		2FD7539B24A3BCD800FE89C5 /* FlixUITests */ = {
			isa = PBXGroup;
			children = (
				2FD7539C24A3BCD800FE89C5 /* FlixUITests.m */,
				2FD7539E24A3BCD800FE89C5 /* Info.plist */,
			);
			path = FlixUITests;
			sourceTree = "<group>";
		};
		2FD753B124A3CB5F00FE89C5 /* Models */ = {
			isa = PBXGroup;
			children = (
			);
			path = Models;
			sourceTree = "<group>";
		};
		2FD753B224A3CB6500FE89C5 /* Views */ = {
			isa = PBXGroup;
			children = (
				2F171D2524A3F77000A07642 /* MovieCell.h */,
				2F171D2624A3F77000A07642 /* MovieCell.m */,
				2F0FF83024A65B6A009DEB3C /* MovieCollectionCell.h */,
				2F0FF83124A65B6A009DEB3C /* MovieCollectionCell.m */,
			);
			path = Views;
			sourceTree = "<group>";
		};
		2FD753B324A3CB6C00FE89C5 /* View Controllers */ = {
			isa = PBXGroup;
			children = (
				2FD753B424A3CD1100FE89C5 /* MoviesViewController.h */,
				2FD753B524A3CD1100FE89C5 /* MoviesViewController.m */,
				2FFF4ABB24A5562C00AB35A2 /* DetailsViewController.h */,
				2FFF4ABC24A5562C00AB35A2 /* DetailsViewController.m */,
				2F0FF82D24A65931009DEB3C /* MoviesGridViewController.h */,
				2F0FF82E24A65931009DEB3C /* MoviesGridViewController.m */,
			);
			name = "View Controllers";
			path = "/Users/diegojrr/Desktop/CodePath iOS Training/Week 1/Flix/Flix/View Controllers";
			sourceTree = "<absolute>";
		};
		52F32BBB1514E042BBA349F0 /* Pods */ = {
			isa = PBXGroup;
			children = (
				2CFED0353F798C1016264291 /* Pods-Flix.debug.xcconfig */,
				E7DE91CF4F87AE14A32FB31D /* Pods-Flix.release.xcconfig */,
				B362CABFCC15A180C39A080C /* Pods-Flix-FlixUITests.debug.xcconfig */,
				3436FE64964E94709D2B2DFD /* Pods-Flix-FlixUITests.release.xcconfig */,
				3A0990C7B245FA558344A1F8 /* Pods-FlixTests.debug.xcconfig */,
				1CBC9035F5443DB3E808028B /* Pods-FlixTests.release.xcconfig */,
			);
			path = Pods;
			sourceTree = "<group>";
		};
		64024E0C0244519451266013 /* Frameworks */ = {
			isa = PBXGroup;
			children = (
				4BF50AF876A9FB330A698B25 /* Pods_Flix.framework */,
				50E7AD9A4D6A9D99F17143A1 /* Pods_Flix_FlixUITests.framework */,
				6AA570EC17F9CF0EBB242DF2 /* Pods_FlixTests.framework */,
			);
			name = Frameworks;
			sourceTree = "<group>";
		};
/* End PBXGroup section */

/* Begin PBXNativeTarget section */
		2FD7537124A3BCD600FE89C5 /* Flix */ = {
			isa = PBXNativeTarget;
			buildConfigurationList = 2FD753A124A3BCD800FE89C5 /* Build configuration list for PBXNativeTarget "Flix" */;
			buildPhases = (
				9E035AAB59BB917C6B0F09CC /* [CP] Check Pods Manifest.lock */,
				2FD7536E24A3BCD600FE89C5 /* Sources */,
				2FD7536F24A3BCD600FE89C5 /* Frameworks */,
				2FD7537024A3BCD600FE89C5 /* Resources */,
				48069B73EB89B5584213305C /* [CP] Embed Pods Frameworks */,
			);
			buildRules = (
			);
			dependencies = (
			);
			name = Flix;
			productName = Flix;
			productReference = 2FD7537224A3BCD600FE89C5 /* Flix.app */;
			productType = "com.apple.product-type.application";
		};
		2FD7538C24A3BCD800FE89C5 /* FlixTests */ = {
			isa = PBXNativeTarget;
			buildConfigurationList = 2FD753A424A3BCD800FE89C5 /* Build configuration list for PBXNativeTarget "FlixTests" */;
			buildPhases = (
				379B37CA2FACFFAB8D97B171 /* [CP] Check Pods Manifest.lock */,
				2FD7538924A3BCD800FE89C5 /* Sources */,
				2FD7538A24A3BCD800FE89C5 /* Frameworks */,
				2FD7538B24A3BCD800FE89C5 /* Resources */,
			);
			buildRules = (
			);
			dependencies = (
				2FD7538F24A3BCD800FE89C5 /* PBXTargetDependency */,
			);
			name = FlixTests;
			productName = FlixTests;
			productReference = 2FD7538D24A3BCD800FE89C5 /* FlixTests.xctest */;
			productType = "com.apple.product-type.bundle.unit-test";
		};
		2FD7539724A3BCD800FE89C5 /* FlixUITests */ = {
			isa = PBXNativeTarget;
			buildConfigurationList = 2FD753A724A3BCD800FE89C5 /* Build configuration list for PBXNativeTarget "FlixUITests" */;
			buildPhases = (
				415A3A8A0DF5FC1ED1F93213 /* [CP] Check Pods Manifest.lock */,
				2FD7539424A3BCD800FE89C5 /* Sources */,
				2FD7539524A3BCD800FE89C5 /* Frameworks */,
				2FD7539624A3BCD800FE89C5 /* Resources */,
				82AF39D6E8E1FEC4B78FF616 /* [CP] Embed Pods Frameworks */,
			);
			buildRules = (
			);
			dependencies = (
				2FD7539A24A3BCD800FE89C5 /* PBXTargetDependency */,
			);
			name = FlixUITests;
			productName = FlixUITests;
			productReference = 2FD7539824A3BCD800FE89C5 /* FlixUITests.xctest */;
			productType = "com.apple.product-type.bundle.ui-testing";
		};
/* End PBXNativeTarget section */

/* Begin PBXProject section */
		2FD7536A24A3BCD600FE89C5 /* Project object */ = {
			isa = PBXProject;
			attributes = {
				LastUpgradeCheck = 1150;
				ORGANIZATIONNAME = DiegoRamirez;
				TargetAttributes = {
					2FD7537124A3BCD600FE89C5 = {
						CreatedOnToolsVersion = 11.5;
					};
					2FD7538C24A3BCD800FE89C5 = {
						CreatedOnToolsVersion = 11.5;
						TestTargetID = 2FD7537124A3BCD600FE89C5;
					};
					2FD7539724A3BCD800FE89C5 = {
						CreatedOnToolsVersion = 11.5;
						TestTargetID = 2FD7537124A3BCD600FE89C5;
					};
				};
			};
			buildConfigurationList = 2FD7536D24A3BCD600FE89C5 /* Build configuration list for PBXProject "Flix" */;
			compatibilityVersion = "Xcode 9.3";
			developmentRegion = en;
			hasScannedForEncodings = 0;
			knownRegions = (
				en,
				Base,
			);
			mainGroup = 2FD7536924A3BCD600FE89C5;
			productRefGroup = 2FD7537324A3BCD600FE89C5 /* Products */;
			projectDirPath = "";
			projectRoot = "";
			targets = (
				2FD7537124A3BCD600FE89C5 /* Flix */,
				2FD7538C24A3BCD800FE89C5 /* FlixTests */,
				2FD7539724A3BCD800FE89C5 /* FlixUITests */,
			);
		};
/* End PBXProject section */

/* Begin PBXResourcesBuildPhase section */
		2FD7537024A3BCD600FE89C5 /* Resources */ = {
			isa = PBXResourcesBuildPhase;
			buildActionMask = 2147483647;
			files = (
				2FD7538524A3BCD800FE89C5 /* LaunchScreen.storyboard in Resources */,
				2FD7538224A3BCD800FE89C5 /* Assets.xcassets in Resources */,
				2FD7538024A3BCD600FE89C5 /* Main.storyboard in Resources */,
			);
			runOnlyForDeploymentPostprocessing = 0;
		};
		2FD7538B24A3BCD800FE89C5 /* Resources */ = {
			isa = PBXResourcesBuildPhase;
			buildActionMask = 2147483647;
			files = (
			);
			runOnlyForDeploymentPostprocessing = 0;
		};
		2FD7539624A3BCD800FE89C5 /* Resources */ = {
			isa = PBXResourcesBuildPhase;
			buildActionMask = 2147483647;
			files = (
			);
			runOnlyForDeploymentPostprocessing = 0;
		};
/* End PBXResourcesBuildPhase section */

/* Begin PBXShellScriptBuildPhase section */
		379B37CA2FACFFAB8D97B171 /* [CP] Check Pods Manifest.lock */ = {
			isa = PBXShellScriptBuildPhase;
			buildActionMask = 2147483647;
			files = (
			);
			inputFileListPaths = (
			);
			inputPaths = (
				"${PODS_PODFILE_DIR_PATH}/Podfile.lock",
				"${PODS_ROOT}/Manifest.lock",
			);
			name = "[CP] Check Pods Manifest.lock";
			outputFileListPaths = (
			);
			outputPaths = (
				"$(DERIVED_FILE_DIR)/Pods-FlixTests-checkManifestLockResult.txt",
			);
			runOnlyForDeploymentPostprocessing = 0;
			shellPath = /bin/sh;
			shellScript = "diff \"${PODS_PODFILE_DIR_PATH}/Podfile.lock\" \"${PODS_ROOT}/Manifest.lock\" > /dev/null\nif [ $? != 0 ] ; then\n    # print error to STDERR\n    echo \"error: The sandbox is not in sync with the Podfile.lock. Run 'pod install' or update your CocoaPods installation.\" >&2\n    exit 1\nfi\n# This output is used by Xcode 'outputs' to avoid re-running this script phase.\necho \"SUCCESS\" > \"${SCRIPT_OUTPUT_FILE_0}\"\n";
			showEnvVarsInLog = 0;
		};
		415A3A8A0DF5FC1ED1F93213 /* [CP] Check Pods Manifest.lock */ = {
			isa = PBXShellScriptBuildPhase;
			buildActionMask = 2147483647;
			files = (
			);
			inputFileListPaths = (
			);
			inputPaths = (
				"${PODS_PODFILE_DIR_PATH}/Podfile.lock",
				"${PODS_ROOT}/Manifest.lock",
			);
			name = "[CP] Check Pods Manifest.lock";
			outputFileListPaths = (
			);
			outputPaths = (
				"$(DERIVED_FILE_DIR)/Pods-Flix-FlixUITests-checkManifestLockResult.txt",
			);
			runOnlyForDeploymentPostprocessing = 0;
			shellPath = /bin/sh;
			shellScript = "diff \"${PODS_PODFILE_DIR_PATH}/Podfile.lock\" \"${PODS_ROOT}/Manifest.lock\" > /dev/null\nif [ $? != 0 ] ; then\n    # print error to STDERR\n    echo \"error: The sandbox is not in sync with the Podfile.lock. Run 'pod install' or update your CocoaPods installation.\" >&2\n    exit 1\nfi\n# This output is used by Xcode 'outputs' to avoid re-running this script phase.\necho \"SUCCESS\" > \"${SCRIPT_OUTPUT_FILE_0}\"\n";
			showEnvVarsInLog = 0;
		};
		48069B73EB89B5584213305C /* [CP] Embed Pods Frameworks */ = {
			isa = PBXShellScriptBuildPhase;
			buildActionMask = 2147483647;
			files = (
			);
			inputFileListPaths = (
				"${PODS_ROOT}/Target Support Files/Pods-Flix/Pods-Flix-frameworks-${CONFIGURATION}-input-files.xcfilelist",
			);
			name = "[CP] Embed Pods Frameworks";
			outputFileListPaths = (
				"${PODS_ROOT}/Target Support Files/Pods-Flix/Pods-Flix-frameworks-${CONFIGURATION}-output-files.xcfilelist",
			);
			runOnlyForDeploymentPostprocessing = 0;
			shellPath = /bin/sh;
			shellScript = "\"${PODS_ROOT}/Target Support Files/Pods-Flix/Pods-Flix-frameworks.sh\"\n";
			showEnvVarsInLog = 0;
		};
		82AF39D6E8E1FEC4B78FF616 /* [CP] Embed Pods Frameworks */ = {
			isa = PBXShellScriptBuildPhase;
			buildActionMask = 2147483647;
			files = (
			);
			inputFileListPaths = (
				"${PODS_ROOT}/Target Support Files/Pods-Flix-FlixUITests/Pods-Flix-FlixUITests-frameworks-${CONFIGURATION}-input-files.xcfilelist",
			);
			name = "[CP] Embed Pods Frameworks";
			outputFileListPaths = (
				"${PODS_ROOT}/Target Support Files/Pods-Flix-FlixUITests/Pods-Flix-FlixUITests-frameworks-${CONFIGURATION}-output-files.xcfilelist",
			);
			runOnlyForDeploymentPostprocessing = 0;
			shellPath = /bin/sh;
			shellScript = "\"${PODS_ROOT}/Target Support Files/Pods-Flix-FlixUITests/Pods-Flix-FlixUITests-frameworks.sh\"\n";
			showEnvVarsInLog = 0;
		};
		9E035AAB59BB917C6B0F09CC /* [CP] Check Pods Manifest.lock */ = {
			isa = PBXShellScriptBuildPhase;
			buildActionMask = 2147483647;
			files = (
			);
			inputFileListPaths = (
			);
			inputPaths = (
				"${PODS_PODFILE_DIR_PATH}/Podfile.lock",
				"${PODS_ROOT}/Manifest.lock",
			);
			name = "[CP] Check Pods Manifest.lock";
			outputFileListPaths = (
			);
			outputPaths = (
				"$(DERIVED_FILE_DIR)/Pods-Flix-checkManifestLockResult.txt",
			);
			runOnlyForDeploymentPostprocessing = 0;
			shellPath = /bin/sh;
			shellScript = "diff \"${PODS_PODFILE_DIR_PATH}/Podfile.lock\" \"${PODS_ROOT}/Manifest.lock\" > /dev/null\nif [ $? != 0 ] ; then\n    # print error to STDERR\n    echo \"error: The sandbox is not in sync with the Podfile.lock. Run 'pod install' or update your CocoaPods installation.\" >&2\n    exit 1\nfi\n# This output is used by Xcode 'outputs' to avoid re-running this script phase.\necho \"SUCCESS\" > \"${SCRIPT_OUTPUT_FILE_0}\"\n";
			showEnvVarsInLog = 0;
		};
/* End PBXShellScriptBuildPhase section */

/* Begin PBXSourcesBuildPhase section */
		2FD7536E24A3BCD600FE89C5 /* Sources */ = {
			isa = PBXSourcesBuildPhase;
			buildActionMask = 2147483647;
			files = (
				2FD7537724A3BCD600FE89C5 /* AppDelegate.m in Sources */,
				2F171D2724A3F77000A07642 /* MovieCell.m in Sources */,
				2FD7538824A3BCD800FE89C5 /* main.m in Sources */,
				2FFF4ABD24A5562C00AB35A2 /* DetailsViewController.m in Sources */,
				2F0FF83224A65B6A009DEB3C /* MovieCollectionCell.m in Sources */,
				2FD7537A24A3BCD600FE89C5 /* SceneDelegate.m in Sources */,
				2FD753B624A3CD1100FE89C5 /* MoviesViewController.m in Sources */,
				2F0FF82F24A65931009DEB3C /* MoviesGridViewController.m in Sources */,
			);
			runOnlyForDeploymentPostprocessing = 0;
		};
		2FD7538924A3BCD800FE89C5 /* Sources */ = {
			isa = PBXSourcesBuildPhase;
			buildActionMask = 2147483647;
			files = (
				2FD7539224A3BCD800FE89C5 /* FlixTests.m in Sources */,
			);
			runOnlyForDeploymentPostprocessing = 0;
		};
		2FD7539424A3BCD800FE89C5 /* Sources */ = {
			isa = PBXSourcesBuildPhase;
			buildActionMask = 2147483647;
			files = (
				2FD7539D24A3BCD800FE89C5 /* FlixUITests.m in Sources */,
			);
			runOnlyForDeploymentPostprocessing = 0;
		};
/* End PBXSourcesBuildPhase section */

/* Begin PBXTargetDependency section */
		2FD7538F24A3BCD800FE89C5 /* PBXTargetDependency */ = {
			isa = PBXTargetDependency;
			target = 2FD7537124A3BCD600FE89C5 /* Flix */;
			targetProxy = 2FD7538E24A3BCD800FE89C5 /* PBXContainerItemProxy */;
		};
		2FD7539A24A3BCD800FE89C5 /* PBXTargetDependency */ = {
			isa = PBXTargetDependency;
			target = 2FD7537124A3BCD600FE89C5 /* Flix */;
			targetProxy = 2FD7539924A3BCD800FE89C5 /* PBXContainerItemProxy */;
		};
/* End PBXTargetDependency section */

/* Begin PBXVariantGroup section */
		2FD7537E24A3BCD600FE89C5 /* Main.storyboard */ = {
			isa = PBXVariantGroup;
			children = (
				2FD7537F24A3BCD600FE89C5 /* Base */,
			);
			name = Main.storyboard;
			sourceTree = "<group>";
		};
		2FD7538324A3BCD800FE89C5 /* LaunchScreen.storyboard */ = {
			isa = PBXVariantGroup;
			children = (
				2FD7538424A3BCD800FE89C5 /* Base */,
			);
			name = LaunchScreen.storyboard;
			sourceTree = "<group>";
		};
/* End PBXVariantGroup section */

/* Begin XCBuildConfiguration section */
		2FD7539F24A3BCD800FE89C5 /* Debug */ = {
			isa = XCBuildConfiguration;
			buildSettings = {
				ALWAYS_SEARCH_USER_PATHS = NO;
				CLANG_ANALYZER_NONNULL = YES;
				CLANG_ANALYZER_NUMBER_OBJECT_CONVERSION = YES_AGGRESSIVE;
				CLANG_CXX_LANGUAGE_STANDARD = "gnu++14";
				CLANG_CXX_LIBRARY = "libc++";
				CLANG_ENABLE_MODULES = YES;
				CLANG_ENABLE_OBJC_ARC = YES;
				CLANG_ENABLE_OBJC_WEAK = YES;
				CLANG_WARN_BLOCK_CAPTURE_AUTORELEASING = YES;
				CLANG_WARN_BOOL_CONVERSION = YES;
				CLANG_WARN_COMMA = YES;
				CLANG_WARN_CONSTANT_CONVERSION = YES;
				CLANG_WARN_DEPRECATED_OBJC_IMPLEMENTATIONS = YES;
				CLANG_WARN_DIRECT_OBJC_ISA_USAGE = YES_ERROR;
				CLANG_WARN_DOCUMENTATION_COMMENTS = YES;
				CLANG_WARN_EMPTY_BODY = YES;
				CLANG_WARN_ENUM_CONVERSION = YES;
				CLANG_WARN_INFINITE_RECURSION = YES;
				CLANG_WARN_INT_CONVERSION = YES;
				CLANG_WARN_NON_LITERAL_NULL_CONVERSION = YES;
				CLANG_WARN_OBJC_IMPLICIT_RETAIN_SELF = YES;
				CLANG_WARN_OBJC_LITERAL_CONVERSION = YES;
				CLANG_WARN_OBJC_ROOT_CLASS = YES_ERROR;
				CLANG_WARN_RANGE_LOOP_ANALYSIS = YES;
				CLANG_WARN_STRICT_PROTOTYPES = YES;
				CLANG_WARN_SUSPICIOUS_MOVE = YES;
				CLANG_WARN_UNGUARDED_AVAILABILITY = YES_AGGRESSIVE;
				CLANG_WARN_UNREACHABLE_CODE = YES;
				CLANG_WARN__DUPLICATE_METHOD_MATCH = YES;
				COPY_PHASE_STRIP = NO;
				DEBUG_INFORMATION_FORMAT = dwarf;
				ENABLE_STRICT_OBJC_MSGSEND = YES;
				ENABLE_TESTABILITY = YES;
				GCC_C_LANGUAGE_STANDARD = gnu11;
				GCC_DYNAMIC_NO_PIC = NO;
				GCC_NO_COMMON_BLOCKS = YES;
				GCC_OPTIMIZATION_LEVEL = 0;
				GCC_PREPROCESSOR_DEFINITIONS = (
					"DEBUG=1",
					"$(inherited)",
				);
				GCC_WARN_64_TO_32_BIT_CONVERSION = YES;
				GCC_WARN_ABOUT_RETURN_TYPE = YES_ERROR;
				GCC_WARN_UNDECLARED_SELECTOR = YES;
				GCC_WARN_UNINITIALIZED_AUTOS = YES_AGGRESSIVE;
				GCC_WARN_UNUSED_FUNCTION = YES;
				GCC_WARN_UNUSED_VARIABLE = YES;
				IPHONEOS_DEPLOYMENT_TARGET = 13.5;
				MTL_ENABLE_DEBUG_INFO = INCLUDE_SOURCE;
				MTL_FAST_MATH = YES;
				ONLY_ACTIVE_ARCH = YES;
				SDKROOT = iphoneos;
			};
			name = Debug;
		};
		2FD753A024A3BCD800FE89C5 /* Release */ = {
			isa = XCBuildConfiguration;
			buildSettings = {
				ALWAYS_SEARCH_USER_PATHS = NO;
				CLANG_ANALYZER_NONNULL = YES;
				CLANG_ANALYZER_NUMBER_OBJECT_CONVERSION = YES_AGGRESSIVE;
				CLANG_CXX_LANGUAGE_STANDARD = "gnu++14";
				CLANG_CXX_LIBRARY = "libc++";
				CLANG_ENABLE_MODULES = YES;
				CLANG_ENABLE_OBJC_ARC = YES;
				CLANG_ENABLE_OBJC_WEAK = YES;
				CLANG_WARN_BLOCK_CAPTURE_AUTORELEASING = YES;
				CLANG_WARN_BOOL_CONVERSION = YES;
				CLANG_WARN_COMMA = YES;
				CLANG_WARN_CONSTANT_CONVERSION = YES;
				CLANG_WARN_DEPRECATED_OBJC_IMPLEMENTATIONS = YES;
				CLANG_WARN_DIRECT_OBJC_ISA_USAGE = YES_ERROR;
				CLANG_WARN_DOCUMENTATION_COMMENTS = YES;
				CLANG_WARN_EMPTY_BODY = YES;
				CLANG_WARN_ENUM_CONVERSION = YES;
				CLANG_WARN_INFINITE_RECURSION = YES;
				CLANG_WARN_INT_CONVERSION = YES;
				CLANG_WARN_NON_LITERAL_NULL_CONVERSION = YES;
				CLANG_WARN_OBJC_IMPLICIT_RETAIN_SELF = YES;
				CLANG_WARN_OBJC_LITERAL_CONVERSION = YES;
				CLANG_WARN_OBJC_ROOT_CLASS = YES_ERROR;
				CLANG_WARN_RANGE_LOOP_ANALYSIS = YES;
				CLANG_WARN_STRICT_PROTOTYPES = YES;
				CLANG_WARN_SUSPICIOUS_MOVE = YES;
				CLANG_WARN_UNGUARDED_AVAILABILITY = YES_AGGRESSIVE;
				CLANG_WARN_UNREACHABLE_CODE = YES;
				CLANG_WARN__DUPLICATE_METHOD_MATCH = YES;
				COPY_PHASE_STRIP = NO;
				DEBUG_INFORMATION_FORMAT = "dwarf-with-dsym";
				ENABLE_NS_ASSERTIONS = NO;
				ENABLE_STRICT_OBJC_MSGSEND = YES;
				GCC_C_LANGUAGE_STANDARD = gnu11;
				GCC_NO_COMMON_BLOCKS = YES;
				GCC_WARN_64_TO_32_BIT_CONVERSION = YES;
				GCC_WARN_ABOUT_RETURN_TYPE = YES_ERROR;
				GCC_WARN_UNDECLARED_SELECTOR = YES;
				GCC_WARN_UNINITIALIZED_AUTOS = YES_AGGRESSIVE;
				GCC_WARN_UNUSED_FUNCTION = YES;
				GCC_WARN_UNUSED_VARIABLE = YES;
				IPHONEOS_DEPLOYMENT_TARGET = 13.5;
				MTL_ENABLE_DEBUG_INFO = NO;
				MTL_FAST_MATH = YES;
				SDKROOT = iphoneos;
				VALIDATE_PRODUCT = YES;
			};
			name = Release;
		};
		2FD753A224A3BCD800FE89C5 /* Debug */ = {
			isa = XCBuildConfiguration;
			baseConfigurationReference = 2CFED0353F798C1016264291 /* Pods-Flix.debug.xcconfig */;
			buildSettings = {
				ASSETCATALOG_COMPILER_APPICON_NAME = AppIcon;
				CODE_SIGN_STYLE = Automatic;
				DEVELOPMENT_TEAM = HJJJ25GZT2;
				INFOPLIST_FILE = Flix/Info.plist;
				LD_RUNPATH_SEARCH_PATHS = (
					"$(inherited)",
					"@executable_path/Frameworks",
				);
				PRODUCT_BUNDLE_IDENTIFIER = com.diegojrr.Flix;
				PRODUCT_NAME = "$(TARGET_NAME)";
				TARGETED_DEVICE_FAMILY = "1,2";
			};
			name = Debug;
		};
		2FD753A324A3BCD800FE89C5 /* Release */ = {
			isa = XCBuildConfiguration;
			baseConfigurationReference = E7DE91CF4F87AE14A32FB31D /* Pods-Flix.release.xcconfig */;
			buildSettings = {
				ASSETCATALOG_COMPILER_APPICON_NAME = AppIcon;
				CODE_SIGN_STYLE = Automatic;
				DEVELOPMENT_TEAM = HJJJ25GZT2;
				INFOPLIST_FILE = Flix/Info.plist;
				LD_RUNPATH_SEARCH_PATHS = (
					"$(inherited)",
					"@executable_path/Frameworks",
				);
				PRODUCT_BUNDLE_IDENTIFIER = com.diegojrr.Flix;
				PRODUCT_NAME = "$(TARGET_NAME)";
				TARGETED_DEVICE_FAMILY = "1,2";
			};
			name = Release;
		};
		2FD753A524A3BCD800FE89C5 /* Debug */ = {
			isa = XCBuildConfiguration;
			baseConfigurationReference = 3A0990C7B245FA558344A1F8 /* Pods-FlixTests.debug.xcconfig */;
			buildSettings = {
				BUNDLE_LOADER = "$(TEST_HOST)";
				CODE_SIGN_STYLE = Automatic;
				INFOPLIST_FILE = FlixTests/Info.plist;
				IPHONEOS_DEPLOYMENT_TARGET = 13.5;
				LD_RUNPATH_SEARCH_PATHS = (
					"$(inherited)",
					"@executable_path/Frameworks",
					"@loader_path/Frameworks",
				);
				PRODUCT_BUNDLE_IDENTIFIER = com.diegojrr.FlixTests;
				PRODUCT_NAME = "$(TARGET_NAME)";
				TARGETED_DEVICE_FAMILY = "1,2";
				TEST_HOST = "$(BUILT_PRODUCTS_DIR)/Flix.app/Flix";
			};
			name = Debug;
		};
		2FD753A624A3BCD800FE89C5 /* Release */ = {
			isa = XCBuildConfiguration;
			baseConfigurationReference = 1CBC9035F5443DB3E808028B /* Pods-FlixTests.release.xcconfig */;
			buildSettings = {
				BUNDLE_LOADER = "$(TEST_HOST)";
				CODE_SIGN_STYLE = Automatic;
				INFOPLIST_FILE = FlixTests/Info.plist;
				IPHONEOS_DEPLOYMENT_TARGET = 13.5;
				LD_RUNPATH_SEARCH_PATHS = (
					"$(inherited)",
					"@executable_path/Frameworks",
					"@loader_path/Frameworks",
				);
				PRODUCT_BUNDLE_IDENTIFIER = com.diegojrr.FlixTests;
				PRODUCT_NAME = "$(TARGET_NAME)";
				TARGETED_DEVICE_FAMILY = "1,2";
				TEST_HOST = "$(BUILT_PRODUCTS_DIR)/Flix.app/Flix";
			};
			name = Release;
		};
		2FD753A824A3BCD800FE89C5 /* Debug */ = {
			isa = XCBuildConfiguration;
			baseConfigurationReference = B362CABFCC15A180C39A080C /* Pods-Flix-FlixUITests.debug.xcconfig */;
			buildSettings = {
				CODE_SIGN_STYLE = Automatic;
				INFOPLIST_FILE = FlixUITests/Info.plist;
				LD_RUNPATH_SEARCH_PATHS = (
					"$(inherited)",
					"@executable_path/Frameworks",
					"@loader_path/Frameworks",
				);
				PRODUCT_BUNDLE_IDENTIFIER = com.diegojrr.FlixUITests;
				PRODUCT_NAME = "$(TARGET_NAME)";
				TARGETED_DEVICE_FAMILY = "1,2";
				TEST_TARGET_NAME = Flix;
			};
			name = Debug;
		};
		2FD753A924A3BCD800FE89C5 /* Release */ = {
			isa = XCBuildConfiguration;
			baseConfigurationReference = 3436FE64964E94709D2B2DFD /* Pods-Flix-FlixUITests.release.xcconfig */;
			buildSettings = {
				CODE_SIGN_STYLE = Automatic;
				INFOPLIST_FILE = FlixUITests/Info.plist;
				LD_RUNPATH_SEARCH_PATHS = (
					"$(inherited)",
					"@executable_path/Frameworks",
					"@loader_path/Frameworks",
				);
				PRODUCT_BUNDLE_IDENTIFIER = com.diegojrr.FlixUITests;
				PRODUCT_NAME = "$(TARGET_NAME)";
				TARGETED_DEVICE_FAMILY = "1,2";
				TEST_TARGET_NAME = Flix;
			};
			name = Release;
		};
/* End XCBuildConfiguration section */

/* Begin XCConfigurationList section */
		2FD7536D24A3BCD600FE89C5 /* Build configuration list for PBXProject "Flix" */ = {
			isa = XCConfigurationList;
			buildConfigurations = (
				2FD7539F24A3BCD800FE89C5 /* Debug */,
				2FD753A024A3BCD800FE89C5 /* Release */,
			);
			defaultConfigurationIsVisible = 0;
			defaultConfigurationName = Release;
		};
		2FD753A124A3BCD800FE89C5 /* Build configuration list for PBXNativeTarget "Flix" */ = {
			isa = XCConfigurationList;
			buildConfigurations = (
				2FD753A224A3BCD800FE89C5 /* Debug */,
				2FD753A324A3BCD800FE89C5 /* Release */,
			);
			defaultConfigurationIsVisible = 0;
			defaultConfigurationName = Release;
		};
		2FD753A424A3BCD800FE89C5 /* Build configuration list for PBXNativeTarget "FlixTests" */ = {
			isa = XCConfigurationList;
			buildConfigurations = (
				2FD753A524A3BCD800FE89C5 /* Debug */,
				2FD753A624A3BCD800FE89C5 /* Release */,
			);
			defaultConfigurationIsVisible = 0;
			defaultConfigurationName = Release;
		};
		2FD753A724A3BCD800FE89C5 /* Build configuration list for PBXNativeTarget "FlixUITests" */ = {
			isa = XCConfigurationList;
			buildConfigurations = (
				2FD753A824A3BCD800FE89C5 /* Debug */,
				2FD753A924A3BCD800FE89C5 /* Release */,
			);
			defaultConfigurationIsVisible = 0;
			defaultConfigurationName = Release;
		};
/* End XCConfigurationList section */
	};
	rootObject = 2FD7536A24A3BCD600FE89C5 /* Project object */;
}
